// !$*UTF8*$!
{
	archiveVersion = 1;
	classes = {
	};
	objectVersion = 46;
	objects = {

/* Begin PBXBuildFile section */
		16D552B81AC9A46A00745B93 /* main.m in Sources */ = {isa = PBXBuildFile; fileRef = 16D552B71AC9A46A00745B93 /* main.m */; };
		16D552BB1AC9A46A00745B93 /* AppDelegate.m in Sources */ = {isa = PBXBuildFile; fileRef = 16D552BA1AC9A46A00745B93 /* AppDelegate.m */; };
		16D552BE1AC9A46A00745B93 /* PAL.xcdatamodeld in Sources */ = {isa = PBXBuildFile; fileRef = 16D552BC1AC9A46A00745B93 /* PAL.xcdatamodeld */; };
		16D552C11AC9A46A00745B93 /* ViewController.m in Sources */ = {isa = PBXBuildFile; fileRef = 16D552C01AC9A46A00745B93 /* ViewController.m */; };
		16D552C41AC9A46A00745B93 /* Main.storyboard in Resources */ = {isa = PBXBuildFile; fileRef = 16D552C21AC9A46A00745B93 /* Main.storyboard */; };
		16D552C61AC9A46A00745B93 /* Images.xcassets in Resources */ = {isa = PBXBuildFile; fileRef = 16D552C51AC9A46A00745B93 /* Images.xcassets */; };
		16D552C91AC9A46A00745B93 /* LaunchScreen.xib in Resources */ = {isa = PBXBuildFile; fileRef = 16D552C71AC9A46A00745B93 /* LaunchScreen.xib */; };
		16D552D51AC9A46A00745B93 /* PALTests.m in Sources */ = {isa = PBXBuildFile; fileRef = 16D552D41AC9A46A00745B93 /* PALTests.m */; };
/* End PBXBuildFile section */

/* Begin PBXContainerItemProxy section */
		16D552CF1AC9A46A00745B93 /* PBXContainerItemProxy */ = {
			isa = PBXContainerItemProxy;
			containerPortal = 16D552AA1AC9A46A00745B93 /* Project object */;
			proxyType = 1;
			remoteGlobalIDString = 16D552B11AC9A46A00745B93;
			remoteInfo = PAL;
		};
/* End PBXContainerItemProxy section */

/* Begin PBXFileReference section */
		16D552B21AC9A46A00745B93 /* PAL.app */ = {isa = PBXFileReference; explicitFileType = wrapper.application; includeInIndex = 0; path = PAL.app; sourceTree = BUILT_PRODUCTS_DIR; };
		16D552B61AC9A46A00745B93 /* Info.plist */ = {isa = PBXFileReference; lastKnownFileType = text.plist.xml; path = Info.plist; sourceTree = "<group>"; };
		16D552B71AC9A46A00745B93 /* main.m */ = {isa = PBXFileReference; lastKnownFileType = sourcecode.c.objc; path = main.m; sourceTree = "<group>"; };
		16D552B91AC9A46A00745B93 /* AppDelegate.h */ = {isa = PBXFileReference; lastKnownFileType = sourcecode.c.h; path = AppDelegate.h; sourceTree = "<group>"; };
		16D552BA1AC9A46A00745B93 /* AppDelegate.m */ = {isa = PBXFileReference; lastKnownFileType = sourcecode.c.objc; path = AppDelegate.m; sourceTree = "<group>"; };
		16D552BD1AC9A46A00745B93 /* PAL.xcdatamodel */ = {isa = PBXFileReference; lastKnownFileType = wrapper.xcdatamodel; path = PAL.xcdatamodel; sourceTree = "<group>"; };
		16D552BF1AC9A46A00745B93 /* ViewController.h */ = {isa = PBXFileReference; lastKnownFileType = sourcecode.c.h; path = ViewController.h; sourceTree = "<group>"; };
		16D552C01AC9A46A00745B93 /* ViewController.m */ = {isa = PBXFileReference; lastKnownFileType = sourcecode.c.objc; path = ViewController.m; sourceTree = "<group>"; };
		16D552C31AC9A46A00745B93 /* Base */ = {isa = PBXFileReference; lastKnownFileType = file.storyboard; name = Base; path = Base.lproj/Main.storyboard; sourceTree = "<group>"; };
		16D552C51AC9A46A00745B93 /* Images.xcassets */ = {isa = PBXFileReference; lastKnownFileType = folder.assetcatalog; path = Images.xcassets; sourceTree = "<group>"; };
		16D552C81AC9A46A00745B93 /* Base */ = {isa = PBXFileReference; lastKnownFileType = file.xib; name = Base; path = Base.lproj/LaunchScreen.xib; sourceTree = "<group>"; };
		16D552CE1AC9A46A00745B93 /* PALTests.xctest */ = {isa = PBXFileReference; explicitFileType = wrapper.cfbundle; includeInIndex = 0; path = PALTests.xctest; sourceTree = BUILT_PRODUCTS_DIR; };
		16D552D31AC9A46A00745B93 /* Info.plist */ = {isa = PBXFileReference; lastKnownFileType = text.plist.xml; path = Info.plist; sourceTree = "<group>"; };
		16D552D41AC9A46A00745B93 /* PALTests.m */ = {isa = PBXFileReference; lastKnownFileType = sourcecode.c.objc; path = PALTests.m; sourceTree = "<group>"; };
/* End PBXFileReference section */

/* Begin PBXFrameworksBuildPhase section */
		16D552AF1AC9A46A00745B93 /* Frameworks */ = {
			isa = PBXFrameworksBuildPhase;
			buildActionMask = 2147483647;
			files = (
			);
			runOnlyForDeploymentPostprocessing = 0;
		};
		16D552CB1AC9A46A00745B93 /* Frameworks */ = {
			isa = PBXFrameworksBuildPhase;
			buildActionMask = 2147483647;
			files = (
			);
			runOnlyForDeploymentPostprocessing = 0;
		};
/* End PBXFrameworksBuildPhase section */

/* Begin PBXGroup section */
		16D552A91AC9A46A00745B93 = {
			isa = PBXGroup;
			children = (
				16D552B41AC9A46A00745B93 /* PAL */,
				16D552D11AC9A46A00745B93 /* PALTests */,
				16D552B31AC9A46A00745B93 /* Products */,
			);
			sourceTree = "<group>";
		};
		16D552B31AC9A46A00745B93 /* Products */ = {
			isa = PBXGroup;
			children = (
				16D552B21AC9A46A00745B93 /* PAL.app */,
				16D552CE1AC9A46A00745B93 /* PALTests.xctest */,
			);
			name = Products;
			sourceTree = "<group>";
		};
		16D552B41AC9A46A00745B93 /* PAL */ = {
			isa = PBXGroup;
			children = (
				16D552B91AC9A46A00745B93 /* AppDelegate.h */,
				16D552BA1AC9A46A00745B93 /* AppDelegate.m */,
				16D552BF1AC9A46A00745B93 /* ViewController.h */,
				16D552C01AC9A46A00745B93 /* ViewController.m */,
				16D552C21AC9A46A00745B93 /* Main.storyboard */,
				16D552C51AC9A46A00745B93 /* Images.xcassets */,
				16D552C71AC9A46A00745B93 /* LaunchScreen.xib */,
				16D552BC1AC9A46A00745B93 /* PAL.xcdatamodeld */,
				16D552B51AC9A46A00745B93 /* Supporting Files */,
			);
			path = PAL;
			sourceTree = "<group>";
		};
		16D552B51AC9A46A00745B93 /* Supporting Files */ = {
			isa = PBXGroup;
			children = (
				16D552B61AC9A46A00745B93 /* Info.plist */,
				16D552B71AC9A46A00745B93 /* main.m */,
			);
			name = "Supporting Files";
			sourceTree = "<group>";
		};
		16D552D11AC9A46A00745B93 /* PALTests */ = {
			isa = PBXGroup;
			children = (
				16D552D41AC9A46A00745B93 /* PALTests.m */,
				16D552D21AC9A46A00745B93 /* Supporting Files */,
			);
			path = PALTests;
			sourceTree = "<group>";
		};
		16D552D21AC9A46A00745B93 /* Supporting Files */ = {
			isa = PBXGroup;
			children = (
				16D552D31AC9A46A00745B93 /* Info.plist */,
			);
			name = "Supporting Files";
			sourceTree = "<group>";
		};
/* End PBXGroup section */

/* Begin PBXNativeTarget section */
		16D552B11AC9A46A00745B93 /* PAL */ = {
			isa = PBXNativeTarget;
			buildConfigurationList = 16D552D81AC9A46A00745B93 /* Build configuration list for PBXNativeTarget "PAL" */;
			buildPhases = (
				16D552AE1AC9A46A00745B93 /* Sources */,
				16D552AF1AC9A46A00745B93 /* Frameworks */,
				16D552B01AC9A46A00745B93 /* Resources */,
			);
			buildRules = (
			);
			dependencies = (
			);
			name = PAL;
			productName = PAL;
			productReference = 16D552B21AC9A46A00745B93 /* PAL.app */;
			productType = "com.apple.product-type.application";
		};
		16D552CD1AC9A46A00745B93 /* PALTests */ = {
			isa = PBXNativeTarget;
			buildConfigurationList = 16D552DB1AC9A46A00745B93 /* Build configuration list for PBXNativeTarget "PALTests" */;
			buildPhases = (
				16D552CA1AC9A46A00745B93 /* Sources */,
				16D552CB1AC9A46A00745B93 /* Frameworks */,
				16D552CC1AC9A46A00745B93 /* Resources */,
			);
			buildRules = (
			);
			dependencies = (
				16D552D01AC9A46A00745B93 /* PBXTargetDependency */,
			);
			name = PALTests;
			productName = PALTests;
			productReference = 16D552CE1AC9A46A00745B93 /* PALTests.xctest */;
			productType = "com.apple.product-type.bundle.unit-test";
		};
/* End PBXNativeTarget section */

/* Begin PBXProject section */
		16D552AA1AC9A46A00745B93 /* Project object */ = {
			isa = PBXProject;
			attributes = {
				LastUpgradeCheck = 0620;
				ORGANIZATIONNAME = "周佳磊";
				TargetAttributes = {
					16D552B11AC9A46A00745B93 = {
						CreatedOnToolsVersion = 6.2;
					};
					16D552CD1AC9A46A00745B93 = {
						CreatedOnToolsVersion = 6.2;
						TestTargetID = 16D552B11AC9A46A00745B93;
					};
				};
			};
			buildConfigurationList = 16D552AD1AC9A46A00745B93 /* Build configuration list for PBXProject "PAL" */;
			compatibilityVersion = "Xcode 3.2";
			developmentRegion = English;
			hasScannedForEncodings = 0;
			knownRegions = (
				en,
				Base,
			);
			mainGroup = 16D552A91AC9A46A00745B93;
			productRefGroup = 16D552B31AC9A46A00745B93 /* Products */;
			projectDirPath = "";
			projectRoot = "";
			targets = (
				16D552B11AC9A46A00745B93 /* PAL */,
				16D552CD1AC9A46A00745B93 /* PALTests */,
			);
		};
/* End PBXProject section */

/* Begin PBXResourcesBuildPhase section */
		16D552B01AC9A46A00745B93 /* Resources */ = {
			isa = PBXResourcesBuildPhase;
			buildActionMask = 2147483647;
			files = (
				16D552C41AC9A46A00745B93 /* Main.storyboard in Resources */,
				16D552C91AC9A46A00745B93 /* LaunchScreen.xib in Resources */,
				16D552C61AC9A46A00745B93 /* Images.xcassets in Resources */,
			);
			runOnlyForDeploymentPostprocessing = 0;
		};
		16D552CC1AC9A46A00745B93 /* Resources */ = {
			isa = PBXResourcesBuildPhase;
			buildActionMask = 2147483647;
			files = (
			);
			runOnlyForDeploymentPostprocessing = 0;
		};
/* End PBXResourcesBuildPhase section */

/* Begin PBXSourcesBuildPhase section */
		16D552AE1AC9A46A00745B93 /* Sources */ = {
			isa = PBXSourcesBuildPhase;
			buildActionMask = 2147483647;
			files = (
				16D552BE1AC9A46A00745B93 /* PAL.xcdatamodeld in Sources */,
				16D552BB1AC9A46A00745B93 /* AppDelegate.m in Sources */,
				16D552C11AC9A46A00745B93 /* ViewController.m in Sources */,
				16D552B81AC9A46A00745B93 /* main.m in Sources */,
			);
			runOnlyForDeploymentPostprocessing = 0;
		};
		16D552CA1AC9A46A00745B93 /* Sources */ = {
			isa = PBXSourcesBuildPhase;
			buildActionMask = 2147483647;
			files = (
				16D552D51AC9A46A00745B93 /* PALTests.m in Sources */,
			);
			runOnlyForDeploymentPostprocessing = 0;
		};
/* End PBXSourcesBuildPhase section */

/* Begin PBXTargetDependency section */
		16D552D01AC9A46A00745B93 /* PBXTargetDependency */ = {
			isa = PBXTargetDependency;
			target = 16D552B11AC9A46A00745B93 /* PAL */;
			targetProxy = 16D552CF1AC9A46A00745B93 /* PBXContainerItemProxy */;
		};
/* End PBXTargetDependency section */

/* Begin PBXVariantGroup section */
		16D552C21AC9A46A00745B93 /* Main.storyboard */ = {
			isa = PBXVariantGroup;
			children = (
				16D552C31AC9A46A00745B93 /* Base */,
			);
			name = Main.storyboard;
			sourceTree = "<group>";
		};
		16D552C71AC9A46A00745B93 /* LaunchScreen.xib */ = {
			isa = PBXVariantGroup;
			children = (
				16D552C81AC9A46A00745B93 /* Base */,
			);
			name = LaunchScreen.xib;
			sourceTree = "<group>";
		};
/* End PBXVariantGroup section */

/* Begin XCBuildConfiguration section */
		16D552D61AC9A46A00745B93 /* Debug */ = {
			isa = XCBuildConfiguration;
			buildSettings = {
				ALWAYS_SEARCH_USER_PATHS = NO;
				CLANG_CXX_LANGUAGE_STANDARD = "gnu++0x";
				CLANG_CXX_LIBRARY = "libc++";
				CLANG_ENABLE_MODULES = YES;
				CLANG_ENABLE_OBJC_ARC = YES;
				CLANG_WARN_BOOL_CONVERSION = YES;
				CLANG_WARN_CONSTANT_CONVERSION = YES;
				CLANG_WARN_DIRECT_OBJC_ISA_USAGE = YES_ERROR;
				CLANG_WARN_EMPTY_BODY = YES;
				CLANG_WARN_ENUM_CONVERSION = YES;
				CLANG_WARN_INT_CONVERSION = YES;
				CLANG_WARN_OBJC_ROOT_CLASS = YES_ERROR;
				CLANG_WARN_UNREACHABLE_CODE = YES;
				CLANG_WARN__DUPLICATE_METHOD_MATCH = YES;
				"CODE_SIGN_IDENTITY[sdk=iphoneos*]" = "iPhone Developer";
				COPY_PHASE_STRIP = NO;
				ENABLE_STRICT_OBJC_MSGSEND = YES;
				GCC_C_LANGUAGE_STANDARD = gnu99;
				GCC_DYNAMIC_NO_PIC = NO;
				GCC_OPTIMIZATION_LEVEL = 0;
				GCC_PREPROCESSOR_DEFINITIONS = (
					"DEBUG=1",
					"$(inherited)",
				);
				GCC_SYMBOLS_PRIVATE_EXTERN = NO;
				GCC_WARN_64_TO_32_BIT_CONVERSION = YES;
				GCC_WARN_ABOUT_RETURN_TYPE = YES_ERROR;
				GCC_WARN_UNDECLARED_SELECTOR = YES;
				GCC_WARN_UNINITIALIZED_AUTOS = YES_AGGRESSIVE;
				GCC_WARN_UNUSED_FUNCTION = YES;
				GCC_WARN_UNUSED_VARIABLE = YES;
				IPHONEOS_DEPLOYMENT_TARGET = 8.2;
				MTL_ENABLE_DEBUG_INFO = YES;
				ONLY_ACTIVE_ARCH = YES;
				SDKROOT = iphoneos;
				TARGETED_DEVICE_FAMILY = "1,2";
			};
			name = Debug;
		};
		16D552D71AC9A46A00745B93 /* Release */ = {
			isa = XCBuildConfiguration;
			buildSettings = {
				ALWAYS_SEARCH_USER_PATHS = NO;
				CLANG_CXX_LANGUAGE_STANDARD = "gnu++0x";
				CLANG_CXX_LIBRARY = "libc++";
				CLANG_ENABLE_MODULES = YES;
				CLANG_ENABLE_OBJC_ARC = YES;
				CLANG_WARN_BOOL_CONVERSION = YES;
				CLANG_WARN_CONSTANT_CONVERSION = YES;
				CLANG_WARN_DIRECT_OBJC_ISA_USAGE = YES_ERROR;
				CLANG_WARN_EMPTY_BODY = YES;
				CLANG_WARN_ENUM_CONVERSION = YES;
				CLANG_WARN_INT_CONVERSION = YES;
				CLANG_WARN_OBJC_ROOT_CLASS = YES_ERROR;
				CLANG_WARN_UNREACHABLE_CODE = YES;
				CLANG_WARN__DUPLICATE_METHOD_MATCH = YES;
				"CODE_SIGN_IDENTITY[sdk=iphoneos*]" = "iPhone Developer";
				COPY_PHASE_STRIP = NO;
				ENABLE_NS_ASSERTIONS = NO;
				ENABLE_STRICT_OBJC_MSGSEND = YES;
				GCC_C_LANGUAGE_STANDARD = gnu99;
				GCC_WARN_64_TO_32_BIT_CONVERSION = YES;
				GCC_WARN_ABOUT_RETURN_TYPE = YES_ERROR;
				GCC_WARN_UNDECLARED_SELECTOR = YES;
				GCC_WARN_UNINITIALIZED_AUTOS = YES_AGGRESSIVE;
				GCC_WARN_UNUSED_FUNCTION = YES;
				GCC_WARN_UNUSED_VARIABLE = YES;
				IPHONEOS_DEPLOYMENT_TARGET = 8.2;
				MTL_ENABLE_DEBUG_INFO = NO;
				SDKROOT = iphoneos;
				TARGETED_DEVICE_FAMILY = "1,2";
				VALIDATE_PRODUCT = YES;
			};
			name = Release;
		};
		16D552D91AC9A46A00745B93 /* Debug */ = {
			isa = XCBuildConfiguration;
			buildSettings = {
				ASSETCATALOG_COMPILER_APPICON_NAME = AppIcon;
				INFOPLIST_FILE = PAL/Info.plist;
				LD_RUNPATH_SEARCH_PATHS = "$(inherited) @executable_path/Frameworks";
				PRODUCT_NAME = "$(TARGET_NAME)";
			};
			name = Debug;
		};
		16D552DA1AC9A46A00745B93 /* Release */ = {
			isa = XCBuildConfiguration;
			buildSettings = {
				ASSETCATALOG_COMPILER_APPICON_NAME = AppIcon;
				INFOPLIST_FILE = PAL/Info.plist;
				LD_RUNPATH_SEARCH_PATHS = "$(inherited) @executable_path/Frameworks";
				PRODUCT_NAME = "$(TARGET_NAME)";
			};
			name = Release;
		};
		16D552DC1AC9A46A00745B93 /* Debug */ = {
			isa = XCBuildConfiguration;
			buildSettings = {
				BUNDLE_LOADER = "$(TEST_HOST)";
				FRAMEWORK_SEARCH_PATHS = (
					"$(SDKROOT)/Developer/Library/Frameworks",
					"$(inherited)",
				);
				GCC_PREPROCESSOR_DEFINITIONS = (
					"DEBUG=1",
					"$(inherited)",
				);
				INFOPLIST_FILE = PALTests/Info.plist;
				LD_RUNPATH_SEARCH_PATHS = "$(inherited) @executable_path/Frameworks @loader_path/Frameworks";
				PRODUCT_NAME = "$(TARGET_NAME)";
				TEST_HOST = "$(BUILT_PRODUCTS_DIR)/PAL.app/PAL";
			};
			name = Debug;
		};
		16D552DD1AC9A46A00745B93 /* Release */ = {
			isa = XCBuildConfiguration;
			buildSettings = {
				BUNDLE_LOADER = "$(TEST_HOST)";
				FRAMEWORK_SEARCH_PATHS = (
					"$(SDKROOT)/Developer/Library/Frameworks",
					"$(inherited)",
				);
				INFOPLIST_FILE = PALTests/Info.plist;
				LD_RUNPATH_SEARCH_PATHS = "$(inherited) @executable_path/Frameworks @loader_path/Frameworks";
				PRODUCT_NAME = "$(TARGET_NAME)";
				TEST_HOST = "$(BUILT_PRODUCTS_DIR)/PAL.app/PAL";
			};
			name = Release;
		};
/* End XCBuildConfiguration section */

/* Begin XCConfigurationList section */
		16D552AD1AC9A46A00745B93 /* Build configuration list for PBXProject "PAL" */ = {
			isa = XCConfigurationList;
			buildConfigurations = (
				16D552D61AC9A46A00745B93 /* Debug */,
				16D552D71AC9A46A00745B93 /* Release */,
			);
			defaultConfigurationIsVisible = 0;
			defaultConfigurationName = Release;
		};
		16D552D81AC9A46A00745B93 /* Build configuration list for PBXNativeTarget "PAL" */ = {
			isa = XCConfigurationList;
			buildConfigurations = (
				16D552D91AC9A46A00745B93 /* Debug */,
				16D552DA1AC9A46A00745B93 /* Release */,
			);
			defaultConfigurationIsVisible = 0;
		};
		16D552DB1AC9A46A00745B93 /* Build configuration list for PBXNativeTarget "PALTests" */ = {
			isa = XCConfigurationList;
			buildConfigurations = (
				16D552DC1AC9A46A00745B93 /* Debug */,
				16D552DD1AC9A46A00745B93 /* Release */,
			);
			defaultConfigurationIsVisible = 0;
		};
/* End XCConfigurationList section */

/* Begin XCVersionGroup section */
		16D552BC1AC9A46A00745B93 /* PAL.xcdatamodeld */ = {
			isa = XCVersionGroup;
			children = (
				16D552BD1AC9A46A00745B93 /* PAL.xcdatamodel */,
			);
			currentVersion = 16D552BD1AC9A46A00745B93 /* PAL.xcdatamodel */;
			path = PAL.xcdatamodeld;
			sourceTree = "<group>";
			versionGroupType = wrapper.xcdatamodel;
		};
/* End XCVersionGroup section */
	};
	rootObject = 16D552AA1AC9A46A00745B93 /* Project object */;
}
